
Microsoft Visual Studio Solution File, Format Version 11.00
# Visual Studio 2010
Project("{FAE04EC0-301F-11D3-BF4B-00C04F79EFBC}") = "academy.rise-tech.com", "academy.rise-tech.com\academy.rise-tech.com.csproj", "{FEC3A437-C2C9-429F-BDDE-5BD6B8DE6A0A}"
EndProject
Global
	GlobalSection(SolutionConfigurationPlatforms) = preSolution
		Debug|Any CPU = Debug|Any CPU
		Release|Any CPU = Release|Any CPU
	EndGlobalSection
	GlobalSection(ProjectConfigurationPlatforms) = postSolution
		{FEC3A437-C2C9-429F-BDDE-5BD6B8DE6A0A}.Debug|Any CPU.ActiveCfg = Debug|Any CPU
		{FEC3A437-C2C9-429F-BDDE-5BD6B8DE6A0A}.Debug|Any CPU.Build.0 = Debug|Any CPU
		{FEC3A437-C2C9-429F-BDDE-5BD6B8DE6A0A}.Release|Any CPU.ActiveCfg = Release|Any CPU
		{FEC3A437-C2C9-429F-BDDE-5BD6B8DE6A0A}.Release|Any CPU.Build.0 = Release|Any CPU
	EndGlobalSection
	GlobalSection(SolutionProperties) = preSolution
		HideSolutionNode = FALSE
	EndGlobalSection
EndGlobal
